PODS:
  - Mindbox (2.9.0):
    - MindboxLogger (= 0.0.7)
  - MindboxLogger (0.0.7)
  - MindboxNotifications (2.9.0):
    - MindboxLogger (= 0.0.7)

DEPENDENCIES:
  - Mindbox (= 2.9.0)
  - MindboxNotifications (= 2.9.0)

SPEC REPOS:
  trunk:
    - Mindbox
    - MindboxLogger
    - MindboxNotifications

SPEC CHECKSUMS:
  Mindbox: ed409f34ea5c48f9041be98522036c7c297c044c
  MindboxLogger: 151faed69401fd3e15268dfe9582547296e61765
  MindboxNotifications: 3fcaaa11c0fa53beaad8491af567b17b9459e835

PODFILE CHECKSUM: a67ce063b0724b7bf09648bc6bb63c88f1477d9c

COCOAPODS: 1.13.0
